
Microsoft Visual Studio Solution File, Format Version 12.00
# Visual Studio Version 16
VisualStudioVersion = 16.0.31515.178
MinimumVisualStudioVersion = 10.0.40219.1
Project("{9A19103F-16F7-4668-BE54-9A1E7A4F7556}") = "ProjectFacul.Mvc", "ProjectFacul\ProjectFacul.Mvc.csproj", "{C361F01F-92CE-4187-84DD-56992451E293}"
EndProject
Project("{9A19103F-16F7-4668-BE54-9A1E7A4F7556}") = "ProjectFacul.ProjetoWeb.Api", "ProjectFacul.ProjetoWeb.Api\ProjectFacul.ProjetoWeb.Api.csproj", "{3A3CC2AE-DD38-4AA9-BA89-1AB172E8B1DB}"
EndProject
Project("{2150E333-8FDC-42A3-9474-1A3956D46DE8}") = "0-FrontEnd", "0-FrontEnd", "{F2A825B1-84EE-4AB2-979B-4A5D7C8EE7C3}"
EndProject
Project("{2150E333-8FDC-42A3-9474-1A3956D46DE8}") = "1-WebService", "1-WebService", "{5DBDE4C1-F456-4A6F-878A-547219AE00FB}"
EndProject
Project("{2150E333-8FDC-42A3-9474-1A3956D46DE8}") = "2-Application", "2-Application", "{E2D462D9-AF17-4AB1-B6A9-861D1BF39086}"
EndProject
Project("{2150E333-8FDC-42A3-9474-1A3956D46DE8}") = "3-Domain", "3-Domain", "{223BCA47-1502-4E03-96AF-50F365495AA7}"
EndProject
Project("{2150E333-8FDC-42A3-9474-1A3956D46DE8}") = "4-Infra", "4-Infra", "{9AB05663-B846-498D-8E3A-CA9F1752B148}"
EndProject
Project("{2150E333-8FDC-42A3-9474-1A3956D46DE8}") = "ExternalServices", "ExternalServices", "{513417DF-C2AD-4C21-8B17-8238348805A7}"
EndProject
Project("{2150E333-8FDC-42A3-9474-1A3956D46DE8}") = "Repository", "Repository", "{C629E588-C833-44B5-A8A0-9A5B690F6B77}"
EndProject
Project("{9A19103F-16F7-4668-BE54-9A1E7A4F7556}") = "ProjectFacul.Application", "ProjectFacul.Application\ProjectFacul.Application.csproj", "{D8E2117E-2482-4FA7-80DF-7D9A70869E7E}"
EndProject
Project("{9A19103F-16F7-4668-BE54-9A1E7A4F7556}") = "ProjectFacul.Domain", "ProjectFacul.Domain\ProjectFacul.Domain.csproj", "{146187E3-9A68-43CE-AA63-055E1E2C2362}"
EndProject
Project("{9A19103F-16F7-4668-BE54-9A1E7A4F7556}") = "ProjectFacul.Repository", "ProjectFacul.Repository\ProjectFacul.Repository.csproj", "{A5410314-0E15-4A65-AED2-8A2C5657355D}"
EndProject
Global
	GlobalSection(SolutionConfigurationPlatforms) = preSolution
		Debug|Any CPU = Debug|Any CPU
		Release|Any CPU = Release|Any CPU
	EndGlobalSection
	GlobalSection(ProjectConfigurationPlatforms) = postSolution
		{C361F01F-92CE-4187-84DD-56992451E293}.Debug|Any CPU.ActiveCfg = Debug|Any CPU
		{C361F01F-92CE-4187-84DD-56992451E293}.Debug|Any CPU.Build.0 = Debug|Any CPU
		{C361F01F-92CE-4187-84DD-56992451E293}.Release|Any CPU.ActiveCfg = Release|Any CPU
		{C361F01F-92CE-4187-84DD-56992451E293}.Release|Any CPU.Build.0 = Release|Any CPU
		{3A3CC2AE-DD38-4AA9-BA89-1AB172E8B1DB}.Debug|Any CPU.ActiveCfg = Debug|Any CPU
		{3A3CC2AE-DD38-4AA9-BA89-1AB172E8B1DB}.Debug|Any CPU.Build.0 = Debug|Any CPU
		{3A3CC2AE-DD38-4AA9-BA89-1AB172E8B1DB}.Release|Any CPU.ActiveCfg = Release|Any CPU
		{3A3CC2AE-DD38-4AA9-BA89-1AB172E8B1DB}.Release|Any CPU.Build.0 = Release|Any CPU
		{D8E2117E-2482-4FA7-80DF-7D9A70869E7E}.Debug|Any CPU.ActiveCfg = Debug|Any CPU
		{D8E2117E-2482-4FA7-80DF-7D9A70869E7E}.Debug|Any CPU.Build.0 = Debug|Any CPU
		{D8E2117E-2482-4FA7-80DF-7D9A70869E7E}.Release|Any CPU.ActiveCfg = Release|Any CPU
		{D8E2117E-2482-4FA7-80DF-7D9A70869E7E}.Release|Any CPU.Build.0 = Release|Any CPU
		{146187E3-9A68-43CE-AA63-055E1E2C2362}.Debug|Any CPU.ActiveCfg = Debug|Any CPU
		{146187E3-9A68-43CE-AA63-055E1E2C2362}.Debug|Any CPU.Build.0 = Debug|Any CPU
		{146187E3-9A68-43CE-AA63-055E1E2C2362}.Release|Any CPU.ActiveCfg = Release|Any CPU
		{146187E3-9A68-43CE-AA63-055E1E2C2362}.Release|Any CPU.Build.0 = Release|Any CPU
		{A5410314-0E15-4A65-AED2-8A2C5657355D}.Debug|Any CPU.ActiveCfg = Debug|Any CPU
		{A5410314-0E15-4A65-AED2-8A2C5657355D}.Debug|Any CPU.Build.0 = Debug|Any CPU
		{A5410314-0E15-4A65-AED2-8A2C5657355D}.Release|Any CPU.ActiveCfg = Release|Any CPU
		{A5410314-0E15-4A65-AED2-8A2C5657355D}.Release|Any CPU.Build.0 = Release|Any CPU
	EndGlobalSection
	GlobalSection(SolutionProperties) = preSolution
		HideSolutionNode = FALSE
	EndGlobalSection
	GlobalSection(NestedProjects) = preSolution
		{C361F01F-92CE-4187-84DD-56992451E293} = {F2A825B1-84EE-4AB2-979B-4A5D7C8EE7C3}
		{3A3CC2AE-DD38-4AA9-BA89-1AB172E8B1DB} = {5DBDE4C1-F456-4A6F-878A-547219AE00FB}
		{513417DF-C2AD-4C21-8B17-8238348805A7} = {9AB05663-B846-498D-8E3A-CA9F1752B148}
		{C629E588-C833-44B5-A8A0-9A5B690F6B77} = {9AB05663-B846-498D-8E3A-CA9F1752B148}
		{D8E2117E-2482-4FA7-80DF-7D9A70869E7E} = {E2D462D9-AF17-4AB1-B6A9-861D1BF39086}
		{146187E3-9A68-43CE-AA63-055E1E2C2362} = {223BCA47-1502-4E03-96AF-50F365495AA7}
		{A5410314-0E15-4A65-AED2-8A2C5657355D} = {C629E588-C833-44B5-A8A0-9A5B690F6B77}
	EndGlobalSection
	GlobalSection(ExtensibilityGlobals) = postSolution
		SolutionGuid = {24D9667F-56EF-4457-B413-7F7DB1CE23D7}
	EndGlobalSection
EndGlobal
